
Microsoft Visual Studio Solution File, Format Version 12.00
# Visual Studio Version 16
VisualStudioVersion = 16.0.30104.148
MinimumVisualStudioVersion = 10.0.40219.1
Project("{FAE04EC0-301F-11D3-BF4B-00C04F79EFBC}") = "SotrAlgorithm", "SotrAlgorithm\SotrAlgorithm.csproj", "{C2500F92-1FD0-4064-A581-F95E9F28405A}"
EndProject
Global
	GlobalSection(SolutionConfigurationPlatforms) = preSolution
		Debug|Any CPU = Debug|Any CPU
		Release|Any CPU = Release|Any CPU
	EndGlobalSection
	GlobalSection(ProjectConfigurationPlatforms) = postSolution
		{C2500F92-1FD0-4064-A581-F95E9F28405A}.Debug|Any CPU.ActiveCfg = Debug|Any CPU
		{C2500F92-1FD0-4064-A581-F95E9F28405A}.Debug|Any CPU.Build.0 = Debug|Any CPU
		{C2500F92-1FD0-4064-A581-F95E9F28405A}.Release|Any CPU.ActiveCfg = Release|Any CPU
		{C2500F92-1FD0-4064-A581-F95E9F28405A}.Release|Any CPU.Build.0 = Release|Any CPU
	EndGlobalSection
	GlobalSection(SolutionProperties) = preSolution
		HideSolutionNode = FALSE
	EndGlobalSection
	GlobalSection(ExtensibilityGlobals) = postSolution
		SolutionGuid = {C86FC065-FEA5-4582-A7F2-CB7E6ED5A109}
	EndGlobalSection
EndGlobal
